
Microsoft Visual Studio Solution File, Format Version 12.00
# Visual Studio Version 16
VisualStudioVersion = 16.0.29613.14
MinimumVisualStudioVersion = 10.0.40219.1
Project("{FAE04EC0-301F-11D3-BF4B-00C04F79EFBC}") = "EShop", "EShop.csproj", "{8BCF7111-D49C-4E1E-A930-1DEBA5C8B04D}"
EndProject
Global
	GlobalSection(SolutionConfigurationPlatforms) = preSolution
		Debug|Any CPU = Debug|Any CPU
		Release|Any CPU = Release|Any CPU
	EndGlobalSection
	GlobalSection(ProjectConfigurationPlatforms) = postSolution
		{8BCF7111-D49C-4E1E-A930-1DEBA5C8B04D}.Debug|Any CPU.ActiveCfg = Debug|Any CPU
		{8BCF7111-D49C-4E1E-A930-1DEBA5C8B04D}.Debug|Any CPU.Build.0 = Debug|Any CPU
		{8BCF7111-D49C-4E1E-A930-1DEBA5C8B04D}.Release|Any CPU.ActiveCfg = Release|Any CPU
		{8BCF7111-D49C-4E1E-A930-1DEBA5C8B04D}.Release|Any CPU.Build.0 = Release|Any CPU
	EndGlobalSection
	GlobalSection(SolutionProperties) = preSolution
		HideSolutionNode = FALSE
	EndGlobalSection
	GlobalSection(ExtensibilityGlobals) = postSolution
		SolutionGuid = {AD315955-8A89-4912-98F1-5893E77AA36A}
	EndGlobalSection
EndGlobal
